<?xml version="1.0" encoding="utf-8"?>
<Project ToolsVersion="4.0" xmlns="http://schemas.microsoft.com/developer/msbuild/2003">
  <ItemGroup>
    <Filter Include="Resource Files">
      <UniqueIdentifier>{67DA6AB6-F800-4c08-8B7A-83BB121AAD01}</UniqueIdentifier>
      <Extensions>rc;ico;cur;bmp;dlg;rc2;rct;bin;rgs;gif;jpg;jpeg;jpe;resx;tiff;tif;png;wav;mfcribbon-ms</Extensions>
    </Filter>
    <Filter Include="Core">
      <UniqueIdentifier>{01235d66-7d00-4247-9267-f0dba48daec2}</UniqueIdentifier>
    </Filter>
  </ItemGroup>
  <ItemGroup>
    <ClCompile Include="Main.cpp" />
    <ClCompile Include="Core\Display.cpp">
      <Filter>Core</Filter>
    </ClCompile>
  </ItemGroup>
  <ItemGroup>
    <None Include="SimpleFragmentShader.fragmentshader" />
    <None Include="SimpleVertexShader.vertexshader" />
    <None Include="WhiteFragmentShader.fragmentshader" />
    <None Include="WhiteVertexShader.vertexshader" />
  </ItemGroup>
  <ItemGroup>
    <ClInclude Include="Body.h" />
    <ClInclude Include="Collision.h" />
    <ClInclude Include="Functions.h" />
    <ClInclude Include="Initers.h" />
    <ClInclude Include="Core\Display.h">
      <Filter>Core</Filter>
    </ClInclude>
    <ClInclude Include="Shaders.h">
      <Filter>Core</Filter>
    </ClInclude>
    <ClInclude Include="Mesh.h" />
    <ClInclude Include="Core\Platform.h">
      <Filter>Core</Filter>
    </ClInclude>
  </ItemGroup>
</Project>